
Microsoft Visual Studio Solution File, Format Version 12.00
# Visual Studio 14
VisualStudioVersion = 14.0.25123.0
MinimumVisualStudioVersion = 10.0.40219.1
Project("{FAE04EC0-301F-11D3-BF4B-00C04F79EFBC}") = "MobileSongLoader.Droid", "MobileSongLoader\MobileSongLoader.Droid\MobileSongLoader.Droid.csproj", "{23A45285-9B58-454C-A8DD-34DDC43BCB44}"
EndProject
Project("{FAE04EC0-301F-11D3-BF4B-00C04F79EFBC}") = "MobileSongLoader.iOS", "MobileSongLoader\MobileSongLoader.iOS\MobileSongLoader.iOS.csproj", "{4806B1A9-203C-4B5D-8BBF-57E18217C3F8}"
EndProject
Project("{FAE04EC0-301F-11D3-BF4B-00C04F79EFBC}") = "MobileSongLoader.WinPhone", "MobileSongLoader\MobileSongLoader.WinPhone\MobileSongLoader.WinPhone.csproj", "{9F9D52EF-92A6-49EA-92B8-72AA33ABCDD4}"
EndProject
Project("{FAE04EC0-301F-11D3-BF4B-00C04F79EFBC}") = "MobileSongLoader.UWP", "MobileSongLoader\MobileSongLoader.UWP\MobileSongLoader.UWP.csproj", "{4031CBB1-1E0A-4644-8A87-930E3DBF8F40}"
EndProject
Project("{FAE04EC0-301F-11D3-BF4B-00C04F79EFBC}") = "MobileSongLoader.Windows", "MobileSongLoader\MobileSongLoader.Windows\MobileSongLoader.Windows.csproj", "{5299C8A2-D00A-4EE2-A32C-A1D19C1642E7}"
EndProject
Project("{FAE04EC0-301F-11D3-BF4B-00C04F79EFBC}") = "MobileSongLoader", "MobileSongLoader\MobileSongLoader\MobileSongLoader.csproj", "{2E09D0CF-0453-4642-85BA-C0DC8EE537B8}"
EndProject
Global
	GlobalSection(SolutionConfigurationPlatforms) = preSolution
		Ad-Hoc|Any CPU = Ad-Hoc|Any CPU
		Ad-Hoc|ARM = Ad-Hoc|ARM
		Ad-Hoc|iPhone = Ad-Hoc|iPhone
		Ad-Hoc|iPhoneSimulator = Ad-Hoc|iPhoneSimulator
		Ad-Hoc|x64 = Ad-Hoc|x64
		Ad-Hoc|x86 = Ad-Hoc|x86
		AppStore|Any CPU = AppStore|Any CPU
		AppStore|ARM = AppStore|ARM
		AppStore|iPhone = AppStore|iPhone
		AppStore|iPhoneSimulator = AppStore|iPhoneSimulator
		AppStore|x64 = AppStore|x64
		AppStore|x86 = AppStore|x86
		Debug|Any CPU = Debug|Any CPU
		Debug|ARM = Debug|ARM
		Debug|iPhone = Debug|iPhone
		Debug|iPhoneSimulator = Debug|iPhoneSimulator
		Debug|x64 = Debug|x64
		Debug|x86 = Debug|x86
		Release|Any CPU = Release|Any CPU
		Release|ARM = Release|ARM
		Release|iPhone = Release|iPhone
		Release|iPhoneSimulator = Release|iPhoneSimulator
		Release|x64 = Release|x64
		Release|x86 = Release|x86
	EndGlobalSection
	GlobalSection(ProjectConfigurationPlatforms) = postSolution
		{23A45285-9B58-454C-A8DD-34DDC43BCB44}.Ad-Hoc|Any CPU.ActiveCfg = Release|Any CPU
		{23A45285-9B58-454C-A8DD-34DDC43BCB44}.Ad-Hoc|Any CPU.Build.0 = Release|Any CPU
		{23A45285-9B58-454C-A8DD-34DDC43BCB44}.Ad-Hoc|Any CPU.Deploy.0 = Release|Any CPU
		{23A45285-9B58-454C-A8DD-34DDC43BCB44}.Ad-Hoc|ARM.ActiveCfg = Release|Any CPU
		{23A45285-9B58-454C-A8DD-34DDC43BCB44}.Ad-Hoc|ARM.Build.0 = Release|Any CPU
		{23A45285-9B58-454C-A8DD-34DDC43BCB44}.Ad-Hoc|ARM.Deploy.0 = Release|Any CPU
		{23A45285-9B58-454C-A8DD-34DDC43BCB44}.Ad-Hoc|iPhone.ActiveCfg = Release|Any CPU
		{23A45285-9B58-454C-A8DD-34DDC43BCB44}.Ad-Hoc|iPhone.Build.0 = Release|Any CPU
		{23A45285-9B58-454C-A8DD-34DDC43BCB44}.Ad-Hoc|iPhone.Deploy.0 = Release|Any CPU
		{23A45285-9B58-454C-A8DD-34DDC43BCB44}.Ad-Hoc|iPhoneSimulator.ActiveCfg = Release|Any CPU
		{23A45285-9B58-454C-A8DD-34DDC43BCB44}.Ad-Hoc|iPhoneSimulator.Build.0 = Release|Any CPU
		{23A45285-9B58-454C-A8DD-34DDC43BCB44}.Ad-Hoc|iPhoneSimulator.Deploy.0 = Release|Any CPU
		{23A45285-9B58-454C-A8DD-34DDC43BCB44}.Ad-Hoc|x64.ActiveCfg = Release|Any CPU
		{23A45285-9B58-454C-A8DD-34DDC43BCB44}.Ad-Hoc|x64.Build.0 = Release|Any CPU
		{23A45285-9B58-454C-A8DD-34DDC43BCB44}.Ad-Hoc|x64.Deploy.0 = Release|Any CPU
		{23A45285-9B58-454C-A8DD-34DDC43BCB44}.Ad-Hoc|x86.ActiveCfg = Release|Any CPU
		{23A45285-9B58-454C-A8DD-34DDC43BCB44}.Ad-Hoc|x86.Build.0 = Release|Any CPU
		{23A45285-9B58-454C-A8DD-34DDC43BCB44}.Ad-Hoc|x86.Deploy.0 = Release|Any CPU
		{23A45285-9B58-454C-A8DD-34DDC43BCB44}.AppStore|Any CPU.ActiveCfg = Release|Any CPU
		{23A45285-9B58-454C-A8DD-34DDC43BCB44}.AppStore|Any CPU.Build.0 = Release|Any CPU
		{23A45285-9B58-454C-A8DD-34DDC43BCB44}.AppStore|Any CPU.Deploy.0 = Release|Any CPU
		{23A45285-9B58-454C-A8DD-34DDC43BCB44}.AppStore|ARM.ActiveCfg = Release|Any CPU
		{23A45285-9B58-454C-A8DD-34DDC43BCB44}.AppStore|ARM.Build.0 = Release|Any CPU
		{23A45285-9B58-454C-A8DD-34DDC43BCB44}.AppStore|ARM.Deploy.0 = Release|Any CPU
		{23A45285-9B58-454C-A8DD-34DDC43BCB44}.AppStore|iPhone.ActiveCfg = Release|Any CPU
		{23A45285-9B58-454C-A8DD-34DDC43BCB44}.AppStore|iPhone.Build.0 = Release|Any CPU
		{23A45285-9B58-454C-A8DD-34DDC43BCB44}.AppStore|iPhone.Deploy.0 = Release|Any CPU
		{23A45285-9B58-454C-A8DD-34DDC43BCB44}.AppStore|iPhoneSimulator.ActiveCfg = Release|Any CPU
		{23A45285-9B58-454C-A8DD-34DDC43BCB44}.AppStore|iPhoneSimulator.Build.0 = Release|Any CPU
		{23A45285-9B58-454C-A8DD-34DDC43BCB44}.AppStore|iPhoneSimulator.Deploy.0 = Release|Any CPU
		{23A45285-9B58-454C-A8DD-34DDC43BCB44}.AppStore|x64.ActiveCfg = Release|Any CPU
		{23A45285-9B58-454C-A8DD-34DDC43BCB44}.AppStore|x64.Build.0 = Release|Any CPU
		{23A45285-9B58-454C-A8DD-34DDC43BCB44}.AppStore|x64.Deploy.0 = Release|Any CPU
		{23A45285-9B58-454C-A8DD-34DDC43BCB44}.AppStore|x86.ActiveCfg = Release|Any CPU
		{23A45285-9B58-454C-A8DD-34DDC43BCB44}.AppStore|x86.Build.0 = Release|Any CPU
		{23A45285-9B58-454C-A8DD-34DDC43BCB44}.AppStore|x86.Deploy.0 = Release|Any CPU
		{23A45285-9B58-454C-A8DD-34DDC43BCB44}.Debug|Any CPU.ActiveCfg = Debug|Any CPU
		{23A45285-9B58-454C-A8DD-34DDC43BCB44}.Debug|Any CPU.Build.0 = Debug|Any CPU
		{23A45285-9B58-454C-A8DD-34DDC43BCB44}.Debug|Any CPU.Deploy.0 = Debug|Any CPU
		{23A45285-9B58-454C-A8DD-34DDC43BCB44}.Debug|ARM.ActiveCfg = Debug|Any CPU
		{23A45285-9B58-454C-A8DD-34DDC43BCB44}.Debug|ARM.Build.0 = Debug|Any CPU
		{23A45285-9B58-454C-A8DD-34DDC43BCB44}.Debug|ARM.Deploy.0 = Debug|Any CPU
		{23A45285-9B58-454C-A8DD-34DDC43BCB44}.Debug|iPhone.ActiveCfg = Debug|Any CPU
		{23A45285-9B58-454C-A8DD-34DDC43BCB44}.Debug|iPhone.Build.0 = Debug|Any CPU
		{23A45285-9B58-454C-A8DD-34DDC43BCB44}.Debug|iPhone.Deploy.0 = Debug|Any CPU
		{23A45285-9B58-454C-A8DD-34DDC43BCB44}.Debug|iPhoneSimulator.ActiveCfg = Debug|Any CPU
		{23A45285-9B58-454C-A8DD-34DDC43BCB44}.Debug|iPhoneSimulator.Build.0 = Debug|Any CPU
		{23A45285-9B58-454C-A8DD-34DDC43BCB44}.Debug|iPhoneSimulator.Deploy.0 = Debug|Any CPU
		{23A45285-9B58-454C-A8DD-34DDC43BCB44}.Debug|x64.ActiveCfg = Debug|Any CPU
		{23A45285-9B58-454C-A8DD-34DDC43BCB44}.Debug|x64.Build.0 = Debug|Any CPU
		{23A45285-9B58-454C-A8DD-34DDC43BCB44}.Debug|x64.Deploy.0 = Debug|Any CPU
		{23A45285-9B58-454C-A8DD-34DDC43BCB44}.Debug|x86.ActiveCfg = Debug|Any CPU
		{23A45285-9B58-454C-A8DD-34DDC43BCB44}.Debug|x86.Build.0 = Debug|Any CPU
		{23A45285-9B58-454C-A8DD-34DDC43BCB44}.Debug|x86.Deploy.0 = Debug|Any CPU
		{23A45285-9B58-454C-A8DD-34DDC43BCB44}.Release|Any CPU.ActiveCfg = Release|Any CPU
		{23A45285-9B58-454C-A8DD-34DDC43BCB44}.Release|Any CPU.Build.0 = Release|Any CPU
		{23A45285-9B58-454C-A8DD-34DDC43BCB44}.Release|Any CPU.Deploy.0 = Release|Any CPU
		{23A45285-9B58-454C-A8DD-34DDC43BCB44}.Release|ARM.ActiveCfg = Release|Any CPU
		{23A45285-9B58-454C-A8DD-34DDC43BCB44}.Release|ARM.Build.0 = Release|Any CPU
		{23A45285-9B58-454C-A8DD-34DDC43BCB44}.Release|ARM.Deploy.0 = Release|Any CPU
		{23A45285-9B58-454C-A8DD-34DDC43BCB44}.Release|iPhone.ActiveCfg = Release|Any CPU
		{23A45285-9B58-454C-A8DD-34DDC43BCB44}.Release|iPhone.Build.0 = Release|Any CPU
		{23A45285-9B58-454C-A8DD-34DDC43BCB44}.Release|iPhone.Deploy.0 = Release|Any CPU
		{23A45285-9B58-454C-A8DD-34DDC43BCB44}.Release|iPhoneSimulator.ActiveCfg = Release|Any CPU
		{23A45285-9B58-454C-A8DD-34DDC43BCB44}.Release|iPhoneSimulator.Build.0 = Release|Any CPU
		{23A45285-9B58-454C-A8DD-34DDC43BCB44}.Release|iPhoneSimulator.Deploy.0 = Release|Any CPU
		{23A45285-9B58-454C-A8DD-34DDC43BCB44}.Release|x64.ActiveCfg = Release|Any CPU
		{23A45285-9B58-454C-A8DD-34DDC43BCB44}.Release|x64.Build.0 = Release|Any CPU
		{23A45285-9B58-454C-A8DD-34DDC43BCB44}.Release|x64.Deploy.0 = Release|Any CPU
		{23A45285-9B58-454C-A8DD-34DDC43BCB44}.Release|x86.ActiveCfg = Release|Any CPU
		{23A45285-9B58-454C-A8DD-34DDC43BCB44}.Release|x86.Build.0 = Release|Any CPU
		{23A45285-9B58-454C-A8DD-34DDC43BCB44}.Release|x86.Deploy.0 = Release|Any CPU
		{4806B1A9-203C-4B5D-8BBF-57E18217C3F8}.Ad-Hoc|Any CPU.ActiveCfg = Ad-Hoc|iPhone
		{4806B1A9-203C-4B5D-8BBF-57E18217C3F8}.Ad-Hoc|ARM.ActiveCfg = Ad-Hoc|iPhone
		{4806B1A9-203C-4B5D-8BBF-57E18217C3F8}.Ad-Hoc|iPhone.ActiveCfg = Ad-Hoc|iPhone
		{4806B1A9-203C-4B5D-8BBF-57E18217C3F8}.Ad-Hoc|iPhone.Build.0 = Ad-Hoc|iPhone
		{4806B1A9-203C-4B5D-8BBF-57E18217C3F8}.Ad-Hoc|iPhoneSimulator.ActiveCfg = Ad-Hoc|iPhoneSimulator
		{4806B1A9-203C-4B5D-8BBF-57E18217C3F8}.Ad-Hoc|iPhoneSimulator.Build.0 = Ad-Hoc|iPhoneSimulator
		{4806B1A9-203C-4B5D-8BBF-57E18217C3F8}.Ad-Hoc|x64.ActiveCfg = Ad-Hoc|iPhone
		{4806B1A9-203C-4B5D-8BBF-57E18217C3F8}.Ad-Hoc|x86.ActiveCfg = Ad-Hoc|iPhone
		{4806B1A9-203C-4B5D-8BBF-57E18217C3F8}.AppStore|Any CPU.ActiveCfg = AppStore|iPhone
		{4806B1A9-203C-4B5D-8BBF-57E18217C3F8}.AppStore|ARM.ActiveCfg = AppStore|iPhone
		{4806B1A9-203C-4B5D-8BBF-57E18217C3F8}.AppStore|iPhone.ActiveCfg = AppStore|iPhone
		{4806B1A9-203C-4B5D-8BBF-57E18217C3F8}.AppStore|iPhone.Build.0 = AppStore|iPhone
		{4806B1A9-203C-4B5D-8BBF-57E18217C3F8}.AppStore|iPhoneSimulator.ActiveCfg = AppStore|iPhoneSimulator
		{4806B1A9-203C-4B5D-8BBF-57E18217C3F8}.AppStore|iPhoneSimulator.Build.0 = AppStore|iPhoneSimulator
		{4806B1A9-203C-4B5D-8BBF-57E18217C3F8}.AppStore|x64.ActiveCfg = AppStore|iPhone
		{4806B1A9-203C-4B5D-8BBF-57E18217C3F8}.AppStore|x86.ActiveCfg = AppStore|iPhone
		{4806B1A9-203C-4B5D-8BBF-57E18217C3F8}.Debug|Any CPU.ActiveCfg = Debug|iPhone
		{4806B1A9-203C-4B5D-8BBF-57E18217C3F8}.Debug|ARM.ActiveCfg = Debug|iPhone
		{4806B1A9-203C-4B5D-8BBF-57E18217C3F8}.Debug|iPhone.ActiveCfg = Debug|iPhone
		{4806B1A9-203C-4B5D-8BBF-57E18217C3F8}.Debug|iPhone.Build.0 = Debug|iPhone
		{4806B1A9-203C-4B5D-8BBF-57E18217C3F8}.Debug|iPhoneSimulator.ActiveCfg = Debug|iPhoneSimulator
		{4806B1A9-203C-4B5D-8BBF-57E18217C3F8}.Debug|iPhoneSimulator.Build.0 = Debug|iPhoneSimulator
		{4806B1A9-203C-4B5D-8BBF-57E18217C3F8}.Debug|x64.ActiveCfg = Debug|iPhone
		{4806B1A9-203C-4B5D-8BBF-57E18217C3F8}.Debug|x86.ActiveCfg = Debug|iPhone
		{4806B1A9-203C-4B5D-8BBF-57E18217C3F8}.Release|Any CPU.ActiveCfg = Release|iPhone
		{4806B1A9-203C-4B5D-8BBF-57E18217C3F8}.Release|ARM.ActiveCfg = Release|iPhone
		{4806B1A9-203C-4B5D-8BBF-57E18217C3F8}.Release|iPhone.ActiveCfg = Release|iPhone
		{4806B1A9-203C-4B5D-8BBF-57E18217C3F8}.Release|iPhone.Build.0 = Release|iPhone
		{4806B1A9-203C-4B5D-8BBF-57E18217C3F8}.Release|iPhoneSimulator.ActiveCfg = Release|iPhoneSimulator
		{4806B1A9-203C-4B5D-8BBF-57E18217C3F8}.Release|iPhoneSimulator.Build.0 = Release|iPhoneSimulator
		{4806B1A9-203C-4B5D-8BBF-57E18217C3F8}.Release|x64.ActiveCfg = Release|iPhone
		{4806B1A9-203C-4B5D-8BBF-57E18217C3F8}.Release|x86.ActiveCfg = Release|iPhone
		{9F9D52EF-92A6-49EA-92B8-72AA33ABCDD4}.Ad-Hoc|Any CPU.ActiveCfg = Release|Any CPU
		{9F9D52EF-92A6-49EA-92B8-72AA33ABCDD4}.Ad-Hoc|Any CPU.Build.0 = Release|Any CPU
		{9F9D52EF-92A6-49EA-92B8-72AA33ABCDD4}.Ad-Hoc|Any CPU.Deploy.0 = Release|Any CPU
		{9F9D52EF-92A6-49EA-92B8-72AA33ABCDD4}.Ad-Hoc|ARM.ActiveCfg = Release|ARM
		{9F9D52EF-92A6-49EA-92B8-72AA33ABCDD4}.Ad-Hoc|ARM.Build.0 = Release|ARM
		{9F9D52EF-92A6-49EA-92B8-72AA33ABCDD4}.Ad-Hoc|ARM.Deploy.0 = Release|ARM
		{9F9D52EF-92A6-49EA-92B8-72AA33ABCDD4}.Ad-Hoc|iPhone.ActiveCfg = Release|Any CPU
		{9F9D52EF-92A6-49EA-92B8-72AA33ABCDD4}.Ad-Hoc|iPhone.Build.0 = Release|Any CPU
		{9F9D52EF-92A6-49EA-92B8-72AA33ABCDD4}.Ad-Hoc|iPhone.Deploy.0 = Release|Any CPU
		{9F9D52EF-92A6-49EA-92B8-72AA33ABCDD4}.Ad-Hoc|iPhoneSimulator.ActiveCfg = Release|Any CPU
		{9F9D52EF-92A6-49EA-92B8-72AA33ABCDD4}.Ad-Hoc|iPhoneSimulator.Build.0 = Release|Any CPU
		{9F9D52EF-92A6-49EA-92B8-72AA33ABCDD4}.Ad-Hoc|iPhoneSimulator.Deploy.0 = Release|Any CPU
		{9F9D52EF-92A6-49EA-92B8-72AA33ABCDD4}.Ad-Hoc|x64.ActiveCfg = Release|Any CPU
		{9F9D52EF-92A6-49EA-92B8-72AA33ABCDD4}.Ad-Hoc|x64.Build.0 = Release|Any CPU
		{9F9D52EF-92A6-49EA-92B8-72AA33ABCDD4}.Ad-Hoc|x64.Deploy.0 = Release|Any CPU
		{9F9D52EF-92A6-49EA-92B8-72AA33ABCDD4}.Ad-Hoc|x86.ActiveCfg = Release|x86
		{9F9D52EF-92A6-49EA-92B8-72AA33ABCDD4}.Ad-Hoc|x86.Build.0 = Release|x86
		{9F9D52EF-92A6-49EA-92B8-72AA33ABCDD4}.Ad-Hoc|x86.Deploy.0 = Release|x86
		{9F9D52EF-92A6-49EA-92B8-72AA33ABCDD4}.AppStore|Any CPU.ActiveCfg = Release|Any CPU
		{9F9D52EF-92A6-49EA-92B8-72AA33ABCDD4}.AppStore|Any CPU.Build.0 = Release|Any CPU
		{9F9D52EF-92A6-49EA-92B8-72AA33ABCDD4}.AppStore|Any CPU.Deploy.0 = Release|Any CPU
		{9F9D52EF-92A6-49EA-92B8-72AA33ABCDD4}.AppStore|ARM.ActiveCfg = Release|ARM
		{9F9D52EF-92A6-49EA-92B8-72AA33ABCDD4}.AppStore|ARM.Build.0 = Release|ARM
		{9F9D52EF-92A6-49EA-92B8-72AA33ABCDD4}.AppStore|ARM.Deploy.0 = Release|ARM
		{9F9D52EF-92A6-49EA-92B8-72AA33ABCDD4}.AppStore|iPhone.ActiveCfg = Release|Any CPU
		{9F9D52EF-92A6-49EA-92B8-72AA33ABCDD4}.AppStore|iPhone.Build.0 = Release|Any CPU
		{9F9D52EF-92A6-49EA-92B8-72AA33ABCDD4}.AppStore|iPhone.Deploy.0 = Release|Any CPU
		{9F9D52EF-92A6-49EA-92B8-72AA33ABCDD4}.AppStore|iPhoneSimulator.ActiveCfg = Release|Any CPU
		{9F9D52EF-92A6-49EA-92B8-72AA33ABCDD4}.AppStore|iPhoneSimulator.Build.0 = Release|Any CPU
		{9F9D52EF-92A6-49EA-92B8-72AA33ABCDD4}.AppStore|iPhoneSimulator.Deploy.0 = Release|Any CPU
		{9F9D52EF-92A6-49EA-92B8-72AA33ABCDD4}.AppStore|x64.ActiveCfg = Release|Any CPU
		{9F9D52EF-92A6-49EA-92B8-72AA33ABCDD4}.AppStore|x64.Build.0 = Release|Any CPU
		{9F9D52EF-92A6-49EA-92B8-72AA33ABCDD4}.AppStore|x64.Deploy.0 = Release|Any CPU
		{9F9D52EF-92A6-49EA-92B8-72AA33ABCDD4}.AppStore|x86.ActiveCfg = Release|x86
		{9F9D52EF-92A6-49EA-92B8-72AA33ABCDD4}.AppStore|x86.Build.0 = Release|x86
		{9F9D52EF-92A6-49EA-92B8-72AA33ABCDD4}.AppStore|x86.Deploy.0 = Release|x86
		{9F9D52EF-92A6-49EA-92B8-72AA33ABCDD4}.Debug|Any CPU.ActiveCfg = Debug|Any CPU
		{9F9D52EF-92A6-49EA-92B8-72AA33ABCDD4}.Debug|Any CPU.Build.0 = Debug|Any CPU
		{9F9D52EF-92A6-49EA-92B8-72AA33ABCDD4}.Debug|Any CPU.Deploy.0 = Debug|Any CPU
		{9F9D52EF-92A6-49EA-92B8-72AA33ABCDD4}.Debug|ARM.ActiveCfg = Debug|ARM
		{9F9D52EF-92A6-49EA-92B8-72AA33ABCDD4}.Debug|ARM.Build.0 = Debug|ARM
		{9F9D52EF-92A6-49EA-92B8-72AA33ABCDD4}.Debug|ARM.Deploy.0 = Debug|ARM
		{9F9D52EF-92A6-49EA-92B8-72AA33ABCDD4}.Debug|iPhone.ActiveCfg = Debug|Any CPU
		{9F9D52EF-92A6-49EA-92B8-72AA33ABCDD4}.Debug|iPhone.Build.0 = Debug|Any CPU
		{9F9D52EF-92A6-49EA-92B8-72AA33ABCDD4}.Debug|iPhone.Deploy.0 = Debug|Any CPU
		{9F9D52EF-92A6-49EA-92B8-72AA33ABCDD4}.Debug|iPhoneSimulator.ActiveCfg = Debug|Any CPU
		{9F9D52EF-92A6-49EA-92B8-72AA33ABCDD4}.Debug|iPhoneSimulator.Build.0 = Debug|Any CPU
		{9F9D52EF-92A6-49EA-92B8-72AA33ABCDD4}.Debug|iPhoneSimulator.Deploy.0 = Debug|Any CPU
		{9F9D52EF-92A6-49EA-92B8-72AA33ABCDD4}.Debug|x64.ActiveCfg = Debug|Any CPU
		{9F9D52EF-92A6-49EA-92B8-72AA33ABCDD4}.Debug|x64.Build.0 = Debug|Any CPU
		{9F9D52EF-92A6-49EA-92B8-72AA33ABCDD4}.Debug|x64.Deploy.0 = Debug|Any CPU
		{9F9D52EF-92A6-49EA-92B8-72AA33ABCDD4}.Debug|x86.ActiveCfg = Debug|x86
		{9F9D52EF-92A6-49EA-92B8-72AA33ABCDD4}.Debug|x86.Build.0 = Debug|x86
		{9F9D52EF-92A6-49EA-92B8-72AA33ABCDD4}.Debug|x86.Deploy.0 = Debug|x86
		{9F9D52EF-92A6-49EA-92B8-72AA33ABCDD4}.Release|Any CPU.ActiveCfg = Release|Any CPU
		{9F9D52EF-92A6-49EA-92B8-72AA33ABCDD4}.Release|Any CPU.Build.0 = Release|Any CPU
		{9F9D52EF-92A6-49EA-92B8-72AA33ABCDD4}.Release|Any CPU.Deploy.0 = Release|Any CPU
		{9F9D52EF-92A6-49EA-92B8-72AA33ABCDD4}.Release|ARM.ActiveCfg = Release|ARM
		{9F9D52EF-92A6-49EA-92B8-72AA33ABCDD4}.Release|ARM.Build.0 = Release|ARM
		{9F9D52EF-92A6-49EA-92B8-72AA33ABCDD4}.Release|ARM.Deploy.0 = Release|ARM
		{9F9D52EF-92A6-49EA-92B8-72AA33ABCDD4}.Release|iPhone.ActiveCfg = Release|Any CPU
		{9F9D52EF-92A6-49EA-92B8-72AA33ABCDD4}.Release|iPhone.Build.0 = Release|Any CPU
		{9F9D52EF-92A6-49EA-92B8-72AA33ABCDD4}.Release|iPhone.Deploy.0 = Release|Any CPU
		{9F9D52EF-92A6-49EA-92B8-72AA33ABCDD4}.Release|iPhoneSimulator.ActiveCfg = Release|Any CPU
		{9F9D52EF-92A6-49EA-92B8-72AA33ABCDD4}.Release|iPhoneSimulator.Build.0 = Release|Any CPU
		{9F9D52EF-92A6-49EA-92B8-72AA33ABCDD4}.Release|iPhoneSimulator.Deploy.0 = Release|Any CPU
		{9F9D52EF-92A6-49EA-92B8-72AA33ABCDD4}.Release|x64.ActiveCfg = Release|Any CPU
		{9F9D52EF-92A6-49EA-92B8-72AA33ABCDD4}.Release|x64.Build.0 = Release|Any CPU
		{9F9D52EF-92A6-49EA-92B8-72AA33ABCDD4}.Release|x64.Deploy.0 = Release|Any CPU
		{9F9D52EF-92A6-49EA-92B8-72AA33ABCDD4}.Release|x86.ActiveCfg = Release|x86
		{9F9D52EF-92A6-49EA-92B8-72AA33ABCDD4}.Release|x86.Build.0 = Release|x86
		{9F9D52EF-92A6-49EA-92B8-72AA33ABCDD4}.Release|x86.Deploy.0 = Release|x86
		{4031CBB1-1E0A-4644-8A87-930E3DBF8F40}.Ad-Hoc|Any CPU.ActiveCfg = Release|x86
		{4031CBB1-1E0A-4644-8A87-930E3DBF8F40}.Ad-Hoc|Any CPU.Build.0 = Release|x86
		{4031CBB1-1E0A-4644-8A87-930E3DBF8F40}.Ad-Hoc|Any CPU.Deploy.0 = Release|x86
		{4031CBB1-1E0A-4644-8A87-930E3DBF8F40}.Ad-Hoc|ARM.ActiveCfg = Release|ARM
		{4031CBB1-1E0A-4644-8A87-930E3DBF8F40}.Ad-Hoc|ARM.Build.0 = Release|ARM
		{4031CBB1-1E0A-4644-8A87-930E3DBF8F40}.Ad-Hoc|ARM.Deploy.0 = Release|ARM
		{4031CBB1-1E0A-4644-8A87-930E3DBF8F40}.Ad-Hoc|iPhone.ActiveCfg = Release|x86
		{4031CBB1-1E0A-4644-8A87-930E3DBF8F40}.Ad-Hoc|iPhone.Build.0 = Release|x86
		{4031CBB1-1E0A-4644-8A87-930E3DBF8F40}.Ad-Hoc|iPhone.Deploy.0 = Release|x86
		{4031CBB1-1E0A-4644-8A87-930E3DBF8F40}.Ad-Hoc|iPhoneSimulator.ActiveCfg = Release|x86
		{4031CBB1-1E0A-4644-8A87-930E3DBF8F40}.Ad-Hoc|iPhoneSimulator.Build.0 = Release|x86
		{4031CBB1-1E0A-4644-8A87-930E3DBF8F40}.Ad-Hoc|iPhoneSimulator.Deploy.0 = Release|x86
		{4031CBB1-1E0A-4644-8A87-930E3DBF8F40}.Ad-Hoc|x64.ActiveCfg = Release|x64
		{4031CBB1-1E0A-4644-8A87-930E3DBF8F40}.Ad-Hoc|x64.Build.0 = Release|x64
		{4031CBB1-1E0A-4644-8A87-930E3DBF8F40}.Ad-Hoc|x64.Deploy.0 = Release|x64
		{4031CBB1-1E0A-4644-8A87-930E3DBF8F40}.Ad-Hoc|x86.ActiveCfg = Release|x86
		{4031CBB1-1E0A-4644-8A87-930E3DBF8F40}.Ad-Hoc|x86.Build.0 = Release|x86
		{4031CBB1-1E0A-4644-8A87-930E3DBF8F40}.Ad-Hoc|x86.Deploy.0 = Release|x86
		{4031CBB1-1E0A-4644-8A87-930E3DBF8F40}.AppStore|Any CPU.ActiveCfg = Release|x86
		{4031CBB1-1E0A-4644-8A87-930E3DBF8F40}.AppStore|Any CPU.Build.0 = Release|x86
		{4031CBB1-1E0A-4644-8A87-930E3DBF8F40}.AppStore|Any CPU.Deploy.0 = Release|x86
		{4031CBB1-1E0A-4644-8A87-930E3DBF8F40}.AppStore|ARM.ActiveCfg = Release|ARM
		{4031CBB1-1E0A-4644-8A87-930E3DBF8F40}.AppStore|ARM.Build.0 = Release|ARM
		{4031CBB1-1E0A-4644-8A87-930E3DBF8F40}.AppStore|ARM.Deploy.0 = Release|ARM
		{4031CBB1-1E0A-4644-8A87-930E3DBF8F40}.AppStore|iPhone.ActiveCfg = Release|x86
		{4031CBB1-1E0A-4644-8A87-930E3DBF8F40}.AppStore|iPhone.Build.0 = Release|x86
		{4031CBB1-1E0A-4644-8A87-930E3DBF8F40}.AppStore|iPhone.Deploy.0 = Release|x86
		{4031CBB1-1E0A-4644-8A87-930E3DBF8F40}.AppStore|iPhoneSimulator.ActiveCfg = Release|x86
		{4031CBB1-1E0A-4644-8A87-930E3DBF8F40}.AppStore|iPhoneSimulator.Build.0 = Release|x86
		{4031CBB1-1E0A-4644-8A87-930E3DBF8F40}.AppStore|iPhoneSimulator.Deploy.0 = Release|x86
		{4031CBB1-1E0A-4644-8A87-930E3DBF8F40}.AppStore|x64.ActiveCfg = Release|x64
		{4031CBB1-1E0A-4644-8A87-930E3DBF8F40}.AppStore|x64.Build.0 = Release|x64
		{4031CBB1-1E0A-4644-8A87-930E3DBF8F40}.AppStore|x64.Deploy.0 = Release|x64
		{4031CBB1-1E0A-4644-8A87-930E3DBF8F40}.AppStore|x86.ActiveCfg = Release|x86
		{4031CBB1-1E0A-4644-8A87-930E3DBF8F40}.AppStore|x86.Build.0 = Release|x86
		{4031CBB1-1E0A-4644-8A87-930E3DBF8F40}.AppStore|x86.Deploy.0 = Release|x86
		{4031CBB1-1E0A-4644-8A87-930E3DBF8F40}.Debug|Any CPU.ActiveCfg = Debug|x86
		{4031CBB1-1E0A-4644-8A87-930E3DBF8F40}.Debug|ARM.ActiveCfg = Debug|ARM
		{4031CBB1-1E0A-4644-8A87-930E3DBF8F40}.Debug|ARM.Build.0 = Debug|ARM
		{4031CBB1-1E0A-4644-8A87-930E3DBF8F40}.Debug|ARM.Deploy.0 = Debug|ARM
		{4031CBB1-1E0A-4644-8A87-930E3DBF8F40}.Debug|iPhone.ActiveCfg = Debug|x86
		{4031CBB1-1E0A-4644-8A87-930E3DBF8F40}.Debug|iPhoneSimulator.ActiveCfg = Debug|x86
		{4031CBB1-1E0A-4644-8A87-930E3DBF8F40}.Debug|x64.ActiveCfg = Debug|x64
		{4031CBB1-1E0A-4644-8A87-930E3DBF8F40}.Debug|x64.Build.0 = Debug|x64
		{4031CBB1-1E0A-4644-8A87-930E3DBF8F40}.Debug|x64.Deploy.0 = Debug|x64
		{4031CBB1-1E0A-4644-8A87-930E3DBF8F40}.Debug|x86.ActiveCfg = Debug|x86
		{4031CBB1-1E0A-4644-8A87-930E3DBF8F40}.Debug|x86.Build.0 = Debug|x86
		{4031CBB1-1E0A-4644-8A87-930E3DBF8F40}.Debug|x86.Deploy.0 = Debug|x86
		{4031CBB1-1E0A-4644-8A87-930E3DBF8F40}.Release|Any CPU.ActiveCfg = Release|x86
		{4031CBB1-1E0A-4644-8A87-930E3DBF8F40}.Release|ARM.ActiveCfg = Release|ARM
		{4031CBB1-1E0A-4644-8A87-930E3DBF8F40}.Release|ARM.Build.0 = Release|ARM
		{4031CBB1-1E0A-4644-8A87-930E3DBF8F40}.Release|ARM.Deploy.0 = Release|ARM
		{4031CBB1-1E0A-4644-8A87-930E3DBF8F40}.Release|iPhone.ActiveCfg = Release|x86
		{4031CBB1-1E0A-4644-8A87-930E3DBF8F40}.Release|iPhoneSimulator.ActiveCfg = Release|x86
		{4031CBB1-1E0A-4644-8A87-930E3DBF8F40}.Release|x64.ActiveCfg = Release|x64
		{4031CBB1-1E0A-4644-8A87-930E3DBF8F40}.Release|x64.Build.0 = Release|x64
		{4031CBB1-1E0A-4644-8A87-930E3DBF8F40}.Release|x64.Deploy.0 = Release|x64
		{4031CBB1-1E0A-4644-8A87-930E3DBF8F40}.Release|x86.ActiveCfg = Release|x86
		{4031CBB1-1E0A-4644-8A87-930E3DBF8F40}.Release|x86.Build.0 = Release|x86
		{4031CBB1-1E0A-4644-8A87-930E3DBF8F40}.Release|x86.Deploy.0 = Release|x86
		{5299C8A2-D00A-4EE2-A32C-A1D19C1642E7}.Ad-Hoc|Any CPU.ActiveCfg = Release|Any CPU
		{5299C8A2-D00A-4EE2-A32C-A1D19C1642E7}.Ad-Hoc|Any CPU.Build.0 = Release|Any CPU
		{5299C8A2-D00A-4EE2-A32C-A1D19C1642E7}.Ad-Hoc|Any CPU.Deploy.0 = Release|Any CPU
		{5299C8A2-D00A-4EE2-A32C-A1D19C1642E7}.Ad-Hoc|ARM.ActiveCfg = Release|ARM
		{5299C8A2-D00A-4EE2-A32C-A1D19C1642E7}.Ad-Hoc|ARM.Build.0 = Release|ARM
		{5299C8A2-D00A-4EE2-A32C-A1D19C1642E7}.Ad-Hoc|ARM.Deploy.0 = Release|ARM
		{5299C8A2-D00A-4EE2-A32C-A1D19C1642E7}.Ad-Hoc|iPhone.ActiveCfg = Release|Any CPU
		{5299C8A2-D00A-4EE2-A32C-A1D19C1642E7}.Ad-Hoc|iPhone.Build.0 = Release|Any CPU
		{5299C8A2-D00A-4EE2-A32C-A1D19C1642E7}.Ad-Hoc|iPhone.Deploy.0 = Release|Any CPU
		{5299C8A2-D00A-4EE2-A32C-A1D19C1642E7}.Ad-Hoc|iPhoneSimulator.ActiveCfg = Release|Any CPU
		{5299C8A2-D00A-4EE2-A32C-A1D19C1642E7}.Ad-Hoc|iPhoneSimulator.Build.0 = Release|Any CPU
		{5299C8A2-D00A-4EE2-A32C-A1D19C1642E7}.Ad-Hoc|iPhoneSimulator.Deploy.0 = Release|Any CPU
		{5299C8A2-D00A-4EE2-A32C-A1D19C1642E7}.Ad-Hoc|x64.ActiveCfg = Release|x64
		{5299C8A2-D00A-4EE2-A32C-A1D19C1642E7}.Ad-Hoc|x64.Build.0 = Release|x64
		{5299C8A2-D00A-4EE2-A32C-A1D19C1642E7}.Ad-Hoc|x64.Deploy.0 = Release|x64
		{5299C8A2-D00A-4EE2-A32C-A1D19C1642E7}.Ad-Hoc|x86.ActiveCfg = Release|x86
		{5299C8A2-D00A-4EE2-A32C-A1D19C1642E7}.Ad-Hoc|x86.Build.0 = Release|x86
		{5299C8A2-D00A-4EE2-A32C-A1D19C1642E7}.Ad-Hoc|x86.Deploy.0 = Release|x86
		{5299C8A2-D00A-4EE2-A32C-A1D19C1642E7}.AppStore|Any CPU.ActiveCfg = Release|Any CPU
		{5299C8A2-D00A-4EE2-A32C-A1D19C1642E7}.AppStore|Any CPU.Build.0 = Release|Any CPU
		{5299C8A2-D00A-4EE2-A32C-A1D19C1642E7}.AppStore|Any CPU.Deploy.0 = Release|Any CPU
		{5299C8A2-D00A-4EE2-A32C-A1D19C1642E7}.AppStore|ARM.ActiveCfg = Release|ARM
		{5299C8A2-D00A-4EE2-A32C-A1D19C1642E7}.AppStore|ARM.Build.0 = Release|ARM
		{5299C8A2-D00A-4EE2-A32C-A1D19C1642E7}.AppStore|ARM.Deploy.0 = Release|ARM
		{5299C8A2-D00A-4EE2-A32C-A1D19C1642E7}.AppStore|iPhone.ActiveCfg = Release|Any CPU
		{5299C8A2-D00A-4EE2-A32C-A1D19C1642E7}.AppStore|iPhone.Build.0 = Release|Any CPU
		{5299C8A2-D00A-4EE2-A32C-A1D19C1642E7}.AppStore|iPhone.Deploy.0 = Release|Any CPU
		{5299C8A2-D00A-4EE2-A32C-A1D19C1642E7}.AppStore|iPhoneSimulator.ActiveCfg = Release|Any CPU
		{5299C8A2-D00A-4EE2-A32C-A1D19C1642E7}.AppStore|iPhoneSimulator.Build.0 = Release|Any CPU
		{5299C8A2-D00A-4EE2-A32C-A1D19C1642E7}.AppStore|iPhoneSimulator.Deploy.0 = Release|Any CPU
		{5299C8A2-D00A-4EE2-A32C-A1D19C1642E7}.AppStore|x64.ActiveCfg = Release|x64
		{5299C8A2-D00A-4EE2-A32C-A1D19C1642E7}.AppStore|x64.Build.0 = Release|x64
		{5299C8A2-D00A-4EE2-A32C-A1D19C1642E7}.AppStore|x64.Deploy.0 = Release|x64
		{5299C8A2-D00A-4EE2-A32C-A1D19C1642E7}.AppStore|x86.ActiveCfg = Release|x86
		{5299C8A2-D00A-4EE2-A32C-A1D19C1642E7}.AppStore|x86.Build.0 = Release|x86
		{5299C8A2-D00A-4EE2-A32C-A1D19C1642E7}.AppStore|x86.Deploy.0 = Release|x86
		{5299C8A2-D00A-4EE2-A32C-A1D19C1642E7}.Debug|Any CPU.ActiveCfg = Debug|Any CPU
		{5299C8A2-D00A-4EE2-A32C-A1D19C1642E7}.Debug|Any CPU.Build.0 = Debug|Any CPU
		{5299C8A2-D00A-4EE2-A32C-A1D19C1642E7}.Debug|Any CPU.Deploy.0 = Debug|Any CPU
		{5299C8A2-D00A-4EE2-A32C-A1D19C1642E7}.Debug|ARM.ActiveCfg = Debug|ARM
		{5299C8A2-D00A-4EE2-A32C-A1D19C1642E7}.Debug|ARM.Build.0 = Debug|ARM
		{5299C8A2-D00A-4EE2-A32C-A1D19C1642E7}.Debug|ARM.Deploy.0 = Debug|ARM
		{5299C8A2-D00A-4EE2-A32C-A1D19C1642E7}.Debug|iPhone.ActiveCfg = Debug|Any CPU
		{5299C8A2-D00A-4EE2-A32C-A1D19C1642E7}.Debug|iPhone.Build.0 = Debug|Any CPU
		{5299C8A2-D00A-4EE2-A32C-A1D19C1642E7}.Debug|iPhone.Deploy.0 = Debug|Any CPU
		{5299C8A2-D00A-4EE2-A32C-A1D19C1642E7}.Debug|iPhoneSimulator.ActiveCfg = Debug|Any CPU
		{5299C8A2-D00A-4EE2-A32C-A1D19C1642E7}.Debug|iPhoneSimulator.Build.0 = Debug|Any CPU
		{5299C8A2-D00A-4EE2-A32C-A1D19C1642E7}.Debug|iPhoneSimulator.Deploy.0 = Debug|Any CPU
		{5299C8A2-D00A-4EE2-A32C-A1D19C1642E7}.Debug|x64.ActiveCfg = Debug|x64
		{5299C8A2-D00A-4EE2-A32C-A1D19C1642E7}.Debug|x64.Build.0 = Debug|x64
		{5299C8A2-D00A-4EE2-A32C-A1D19C1642E7}.Debug|x64.Deploy.0 = Debug|x64
		{5299C8A2-D00A-4EE2-A32C-A1D19C1642E7}.Debug|x86.ActiveCfg = Debug|x86
		{5299C8A2-D00A-4EE2-A32C-A1D19C1642E7}.Debug|x86.Build.0 = Debug|x86
		{5299C8A2-D00A-4EE2-A32C-A1D19C1642E7}.Debug|x86.Deploy.0 = Debug|x86
		{5299C8A2-D00A-4EE2-A32C-A1D19C1642E7}.Release|Any CPU.ActiveCfg = Release|Any CPU
		{5299C8A2-D00A-4EE2-A32C-A1D19C1642E7}.Release|Any CPU.Build.0 = Release|Any CPU
		{5299C8A2-D00A-4EE2-A32C-A1D19C1642E7}.Release|Any CPU.Deploy.0 = Release|Any CPU
		{5299C8A2-D00A-4EE2-A32C-A1D19C1642E7}.Release|ARM.ActiveCfg = Release|ARM
		{5299C8A2-D00A-4EE2-A32C-A1D19C1642E7}.Release|ARM.Build.0 = Release|ARM
		{5299C8A2-D00A-4EE2-A32C-A1D19C1642E7}.Release|ARM.Deploy.0 = Release|ARM
		{5299C8A2-D00A-4EE2-A32C-A1D19C1642E7}.Release|iPhone.ActiveCfg = Release|Any CPU
		{5299C8A2-D00A-4EE2-A32C-A1D19C1642E7}.Release|iPhone.Build.0 = Release|Any CPU
		{5299C8A2-D00A-4EE2-A32C-A1D19C1642E7}.Release|iPhone.Deploy.0 = Release|Any CPU
		{5299C8A2-D00A-4EE2-A32C-A1D19C1642E7}.Release|iPhoneSimulator.ActiveCfg = Release|Any CPU
		{5299C8A2-D00A-4EE2-A32C-A1D19C1642E7}.Release|iPhoneSimulator.Build.0 = Release|Any CPU
		{5299C8A2-D00A-4EE2-A32C-A1D19C1642E7}.Release|iPhoneSimulator.Deploy.0 = Release|Any CPU
		{5299C8A2-D00A-4EE2-A32C-A1D19C1642E7}.Release|x64.ActiveCfg = Release|x64
		{5299C8A2-D00A-4EE2-A32C-A1D19C1642E7}.Release|x64.Build.0 = Release|x64
		{5299C8A2-D00A-4EE2-A32C-A1D19C1642E7}.Release|x64.Deploy.0 = Release|x64
		{5299C8A2-D00A-4EE2-A32C-A1D19C1642E7}.Release|x86.ActiveCfg = Release|x86
		{5299C8A2-D00A-4EE2-A32C-A1D19C1642E7}.Release|x86.Build.0 = Release|x86
		{5299C8A2-D00A-4EE2-A32C-A1D19C1642E7}.Release|x86.Deploy.0 = Release|x86
		{2E09D0CF-0453-4642-85BA-C0DC8EE537B8}.Ad-Hoc|Any CPU.ActiveCfg = Release|Any CPU
		{2E09D0CF-0453-4642-85BA-C0DC8EE537B8}.Ad-Hoc|Any CPU.Build.0 = Release|Any CPU
		{2E09D0CF-0453-4642-85BA-C0DC8EE537B8}.Ad-Hoc|ARM.ActiveCfg = Release|Any CPU
		{2E09D0CF-0453-4642-85BA-C0DC8EE537B8}.Ad-Hoc|ARM.Build.0 = Release|Any CPU
		{2E09D0CF-0453-4642-85BA-C0DC8EE537B8}.Ad-Hoc|iPhone.ActiveCfg = Release|Any CPU
		{2E09D0CF-0453-4642-85BA-C0DC8EE537B8}.Ad-Hoc|iPhone.Build.0 = Release|Any CPU
		{2E09D0CF-0453-4642-85BA-C0DC8EE537B8}.Ad-Hoc|iPhoneSimulator.ActiveCfg = Release|Any CPU
		{2E09D0CF-0453-4642-85BA-C0DC8EE537B8}.Ad-Hoc|iPhoneSimulator.Build.0 = Release|Any CPU
		{2E09D0CF-0453-4642-85BA-C0DC8EE537B8}.Ad-Hoc|x64.ActiveCfg = Release|Any CPU
		{2E09D0CF-0453-4642-85BA-C0DC8EE537B8}.Ad-Hoc|x64.Build.0 = Release|Any CPU
		{2E09D0CF-0453-4642-85BA-C0DC8EE537B8}.Ad-Hoc|x86.ActiveCfg = Release|Any CPU
		{2E09D0CF-0453-4642-85BA-C0DC8EE537B8}.Ad-Hoc|x86.Build.0 = Release|Any CPU
		{2E09D0CF-0453-4642-85BA-C0DC8EE537B8}.AppStore|Any CPU.ActiveCfg = Release|Any CPU
		{2E09D0CF-0453-4642-85BA-C0DC8EE537B8}.AppStore|Any CPU.Build.0 = Release|Any CPU
		{2E09D0CF-0453-4642-85BA-C0DC8EE537B8}.AppStore|ARM.ActiveCfg = Release|Any CPU
		{2E09D0CF-0453-4642-85BA-C0DC8EE537B8}.AppStore|ARM.Build.0 = Release|Any CPU
		{2E09D0CF-0453-4642-85BA-C0DC8EE537B8}.AppStore|iPhone.ActiveCfg = Release|Any CPU
		{2E09D0CF-0453-4642-85BA-C0DC8EE537B8}.AppStore|iPhone.Build.0 = Release|Any CPU
		{2E09D0CF-0453-4642-85BA-C0DC8EE537B8}.AppStore|iPhoneSimulator.ActiveCfg = Release|Any CPU
		{2E09D0CF-0453-4642-85BA-C0DC8EE537B8}.AppStore|iPhoneSimulator.Build.0 = Release|Any CPU
		{2E09D0CF-0453-4642-85BA-C0DC8EE537B8}.AppStore|x64.ActiveCfg = Release|Any CPU
		{2E09D0CF-0453-4642-85BA-C0DC8EE537B8}.AppStore|x64.Build.0 = Release|Any CPU
		{2E09D0CF-0453-4642-85BA-C0DC8EE537B8}.AppStore|x86.ActiveCfg = Release|Any CPU
		{2E09D0CF-0453-4642-85BA-C0DC8EE537B8}.AppStore|x86.Build.0 = Release|Any CPU
		{2E09D0CF-0453-4642-85BA-C0DC8EE537B8}.Debug|Any CPU.ActiveCfg = Debug|Any CPU
		{2E09D0CF-0453-4642-85BA-C0DC8EE537B8}.Debug|Any CPU.Build.0 = Debug|Any CPU
		{2E09D0CF-0453-4642-85BA-C0DC8EE537B8}.Debug|ARM.ActiveCfg = Debug|Any CPU
		{2E09D0CF-0453-4642-85BA-C0DC8EE537B8}.Debug|ARM.Build.0 = Debug|Any CPU
		{2E09D0CF-0453-4642-85BA-C0DC8EE537B8}.Debug|iPhone.ActiveCfg = Debug|Any CPU
		{2E09D0CF-0453-4642-85BA-C0DC8EE537B8}.Debug|iPhone.Build.0 = Debug|Any CPU
		{2E09D0CF-0453-4642-85BA-C0DC8EE537B8}.Debug|iPhoneSimulator.ActiveCfg = Debug|Any CPU
		{2E09D0CF-0453-4642-85BA-C0DC8EE537B8}.Debug|iPhoneSimulator.Build.0 = Debug|Any CPU
		{2E09D0CF-0453-4642-85BA-C0DC8EE537B8}.Debug|x64.ActiveCfg = Debug|Any CPU
		{2E09D0CF-0453-4642-85BA-C0DC8EE537B8}.Debug|x64.Build.0 = Debug|Any CPU
		{2E09D0CF-0453-4642-85BA-C0DC8EE537B8}.Debug|x86.ActiveCfg = Debug|Any CPU
		{2E09D0CF-0453-4642-85BA-C0DC8EE537B8}.Debug|x86.Build.0 = Debug|Any CPU
		{2E09D0CF-0453-4642-85BA-C0DC8EE537B8}.Release|Any CPU.ActiveCfg = Release|Any CPU
		{2E09D0CF-0453-4642-85BA-C0DC8EE537B8}.Release|Any CPU.Build.0 = Release|Any CPU
		{2E09D0CF-0453-4642-85BA-C0DC8EE537B8}.Release|ARM.ActiveCfg = Release|Any CPU
		{2E09D0CF-0453-4642-85BA-C0DC8EE537B8}.Release|ARM.Build.0 = Release|Any CPU
		{2E09D0CF-0453-4642-85BA-C0DC8EE537B8}.Release|iPhone.ActiveCfg = Release|Any CPU
		{2E09D0CF-0453-4642-85BA-C0DC8EE537B8}.Release|iPhone.Build.0 = Release|Any CPU
		{2E09D0CF-0453-4642-85BA-C0DC8EE537B8}.Release|iPhoneSimulator.ActiveCfg = Release|Any CPU
		{2E09D0CF-0453-4642-85BA-C0DC8EE537B8}.Release|iPhoneSimulator.Build.0 = Release|Any CPU
		{2E09D0CF-0453-4642-85BA-C0DC8EE537B8}.Release|x64.ActiveCfg = Release|Any CPU
		{2E09D0CF-0453-4642-85BA-C0DC8EE537B8}.Release|x64.Build.0 = Release|Any CPU
		{2E09D0CF-0453-4642-85BA-C0DC8EE537B8}.Release|x86.ActiveCfg = Release|Any CPU
		{2E09D0CF-0453-4642-85BA-C0DC8EE537B8}.Release|x86.Build.0 = Release|Any CPU
	EndGlobalSection
	GlobalSection(SolutionProperties) = preSolution
		HideSolutionNode = FALSE
	EndGlobalSection
EndGlobal
